// !$*UTF8*$!
{
	archiveVersion = 1;
	classes = {
	};
	objectVersion = 56;
	objects = {

/* Begin PBXBuildFile section */
		B2D1149F291E85B7006D80D1 /* TodoAppSwiftUIApp.swift in Sources */ = {isa = PBXBuildFile; fileRef = B2D1149E291E85B7006D80D1 /* TodoAppSwiftUIApp.swift */; };
		B2D114A1291E85B7006D80D1 /* ContentView.swift in Sources */ = {isa = PBXBuildFile; fileRef = B2D114A0291E85B7006D80D1 /* ContentView.swift */; };
		B2D114A3291E85B9006D80D1 /* Assets.xcassets in Resources */ = {isa = PBXBuildFile; fileRef = B2D114A2291E85B9006D80D1 /* Assets.xcassets */; };
		B2D114A6291E85B9006D80D1 /* Preview Assets.xcassets in Resources */ = {isa = PBXBuildFile; fileRef = B2D114A5291E85B9006D80D1 /* Preview Assets.xcassets */; };
		B2D114A8291E85B9006D80D1 /* Persistence.swift in Sources */ = {isa = PBXBuildFile; fileRef = B2D114A7291E85B9006D80D1 /* Persistence.swift */; };
		B2D114AB291E85B9006D80D1 /* TodoAppSwiftUI.xcdatamodeld in Sources */ = {isa = PBXBuildFile; fileRef = B2D114A9291E85B9006D80D1 /* TodoAppSwiftUI.xcdatamodeld */; };
		B2D114B3291E8662006D80D1 /* AddTodoView.swift in Sources */ = {isa = PBXBuildFile; fileRef = B2D114B2291E8662006D80D1 /* AddTodoView.swift */; };
		B2D114B5291E8E5D006D80D1 /* HomeView.swift in Sources */ = {isa = PBXBuildFile; fileRef = B2D114B4291E8E5D006D80D1 /* HomeView.swift */; };
/* End PBXBuildFile section */

/* Begin PBXFileReference section */
		B2D1149B291E85B7006D80D1 /* TodoAppSwiftUI.app */ = {isa = PBXFileReference; explicitFileType = wrapper.application; includeInIndex = 0; path = TodoAppSwiftUI.app; sourceTree = BUILT_PRODUCTS_DIR; };
		B2D1149E291E85B7006D80D1 /* TodoAppSwiftUIApp.swift */ = {isa = PBXFileReference; lastKnownFileType = sourcecode.swift; path = TodoAppSwiftUIApp.swift; sourceTree = "<group>"; };
		B2D114A0291E85B7006D80D1 /* ContentView.swift */ = {isa = PBXFileReference; lastKnownFileType = sourcecode.swift; path = ContentView.swift; sourceTree = "<group>"; };
		B2D114A2291E85B9006D80D1 /* Assets.xcassets */ = {isa = PBXFileReference; lastKnownFileType = folder.assetcatalog; path = Assets.xcassets; sourceTree = "<group>"; };
		B2D114A5291E85B9006D80D1 /* Preview Assets.xcassets */ = {isa = PBXFileReference; lastKnownFileType = folder.assetcatalog; path = "Preview Assets.xcassets"; sourceTree = "<group>"; };
		B2D114A7291E85B9006D80D1 /* Persistence.swift */ = {isa = PBXFileReference; lastKnownFileType = sourcecode.swift; path = Persistence.swift; sourceTree = "<group>"; };
		B2D114AA291E85B9006D80D1 /* TodoAppSwiftUI.xcdatamodel */ = {isa = PBXFileReference; lastKnownFileType = wrapper.xcdatamodel; path = TodoAppSwiftUI.xcdatamodel; sourceTree = "<group>"; };
		B2D114B2291E8662006D80D1 /* AddTodoView.swift */ = {isa = PBXFileReference; lastKnownFileType = sourcecode.swift; path = AddTodoView.swift; sourceTree = "<group>"; };
		B2D114B4291E8E5D006D80D1 /* HomeView.swift */ = {isa = PBXFileReference; lastKnownFileType = sourcecode.swift; path = HomeView.swift; sourceTree = "<group>"; };
/* End PBXFileReference section */

/* Begin PBXFrameworksBuildPhase section */
		B2D11498291E85B7006D80D1 /* Frameworks */ = {
			isa = PBXFrameworksBuildPhase;
			buildActionMask = 2147483647;
			files = (
			);
			runOnlyForDeploymentPostprocessing = 0;
		};
/* End PBXFrameworksBuildPhase section */

/* Begin PBXGroup section */
		B2D11492291E85B6006D80D1 = {
			isa = PBXGroup;
			children = (
				B2D1149D291E85B7006D80D1 /* TodoAppSwiftUI */,
				B2D1149C291E85B7006D80D1 /* Products */,
			);
			sourceTree = "<group>";
		};
		B2D1149C291E85B7006D80D1 /* Products */ = {
			isa = PBXGroup;
			children = (
				B2D1149B291E85B7006D80D1 /* TodoAppSwiftUI.app */,
			);
			name = Products;
			sourceTree = "<group>";
		};
		B2D1149D291E85B7006D80D1 /* TodoAppSwiftUI */ = {
			isa = PBXGroup;
			children = (
				B2D1149E291E85B7006D80D1 /* TodoAppSwiftUIApp.swift */,
				B2D114B1291E8637006D80D1 /* View */,
				B2D114A2291E85B9006D80D1 /* Assets.xcassets */,
				B2D114A7291E85B9006D80D1 /* Persistence.swift */,
				B2D114A9291E85B9006D80D1 /* TodoAppSwiftUI.xcdatamodeld */,
				B2D114A4291E85B9006D80D1 /* Preview Content */,
			);
			path = TodoAppSwiftUI;
			sourceTree = "<group>";
		};
		B2D114A4291E85B9006D80D1 /* Preview Content */ = {
			isa = PBXGroup;
			children = (
				B2D114A5291E85B9006D80D1 /* Preview Assets.xcassets */,
			);
			path = "Preview Content";
			sourceTree = "<group>";
		};
		B2D114B1291E8637006D80D1 /* View */ = {
			isa = PBXGroup;
			children = (
				B2D114B4291E8E5D006D80D1 /* HomeView.swift */,
				B2D114B2291E8662006D80D1 /* AddTodoView.swift */,
				B2D114A0291E85B7006D80D1 /* ContentView.swift */,
			);
			path = View;
			sourceTree = "<group>";
		};
/* End PBXGroup section */

/* Begin PBXNativeTarget section */
		B2D1149A291E85B7006D80D1 /* TodoAppSwiftUI */ = {
			isa = PBXNativeTarget;
			buildConfigurationList = B2D114AE291E85B9006D80D1 /* Build configuration list for PBXNativeTarget "TodoAppSwiftUI" */;
			buildPhases = (
				B2D11497291E85B7006D80D1 /* Sources */,
				B2D11498291E85B7006D80D1 /* Frameworks */,
				B2D11499291E85B7006D80D1 /* Resources */,
			);
			buildRules = (
			);
			dependencies = (
			);
			name = TodoAppSwiftUI;
			productName = TodoAppSwiftUI;
			productReference = B2D1149B291E85B7006D80D1 /* TodoAppSwiftUI.app */;
			productType = "com.apple.product-type.application";
		};
/* End PBXNativeTarget section */

/* Begin PBXProject section */
		B2D11493291E85B6006D80D1 /* Project object */ = {
			isa = PBXProject;
			attributes = {
				BuildIndependentTargetsInParallel = 1;
				LastSwiftUpdateCheck = 1400;
				LastUpgradeCheck = 1400;
				TargetAttributes = {
					B2D1149A291E85B7006D80D1 = {
						CreatedOnToolsVersion = 14.0.1;
					};
				};
			};
			buildConfigurationList = B2D11496291E85B6006D80D1 /* Build configuration list for PBXProject "TodoAppSwiftUI" */;
			compatibilityVersion = "Xcode 14.0";
			developmentRegion = en;
			hasScannedForEncodings = 0;
			knownRegions = (
				en,
				Base,
			);
			mainGroup = B2D11492291E85B6006D80D1;
			productRefGroup = B2D1149C291E85B7006D80D1 /* Products */;
			projectDirPath = "";
			projectRoot = "";
			targets = (
				B2D1149A291E85B7006D80D1 /* TodoAppSwiftUI */,
			);
		};
/* End PBXProject section */

/* Begin PBXResourcesBuildPhase section */
		B2D11499291E85B7006D80D1 /* Resources */ = {
			isa = PBXResourcesBuildPhase;
			buildActionMask = 2147483647;
			files = (
				B2D114A6291E85B9006D80D1 /* Preview Assets.xcassets in Resources */,
				B2D114A3291E85B9006D80D1 /* Assets.xcassets in Resources */,
			);
			runOnlyForDeploymentPostprocessing = 0;
		};
/* End PBXResourcesBuildPhase section */

/* Begin PBXSourcesBuildPhase section */
		B2D11497291E85B7006D80D1 /* Sources */ = {
			isa = PBXSourcesBuildPhase;
			buildActionMask = 2147483647;
			files = (
				B2D114A8291E85B9006D80D1 /* Persistence.swift in Sources */,
				B2D114AB291E85B9006D80D1 /* TodoAppSwiftUI.xcdatamodeld in Sources */,
				B2D114A1291E85B7006D80D1 /* ContentView.swift in Sources */,
				B2D114B5291E8E5D006D80D1 /* HomeView.swift in Sources */,
				B2D1149F291E85B7006D80D1 /* TodoAppSwiftUIApp.swift in Sources */,
				B2D114B3291E8662006D80D1 /* AddTodoView.swift in Sources */,
			);
			runOnlyForDeploymentPostprocessing = 0;
		};
/* End PBXSourcesBuildPhase section */

/* Begin XCBuildConfiguration section */
		B2D114AC291E85B9006D80D1 /* Debug */ = {
			isa = XCBuildConfiguration;
			buildSettings = {
				ALWAYS_SEARCH_USER_PATHS = NO;
				CLANG_ANALYZER_NONNULL = YES;
				CLANG_ANALYZER_NUMBER_OBJECT_CONVERSION = YES_AGGRESSIVE;
				CLANG_CXX_LANGUAGE_STANDARD = "gnu++20";
				CLANG_ENABLE_MODULES = YES;
				CLANG_ENABLE_OBJC_ARC = YES;
				CLANG_ENABLE_OBJC_WEAK = YES;
				CLANG_WARN_BLOCK_CAPTURE_AUTORELEASING = YES;
				CLANG_WARN_BOOL_CONVERSION = YES;
				CLANG_WARN_COMMA = YES;
				CLANG_WARN_CONSTANT_CONVERSION = YES;
				CLANG_WARN_DEPRECATED_OBJC_IMPLEMENTATIONS = YES;
				CLANG_WARN_DIRECT_OBJC_ISA_USAGE = YES_ERROR;
				CLANG_WARN_DOCUMENTATION_COMMENTS = YES;
				CLANG_WARN_EMPTY_BODY = YES;
				CLANG_WARN_ENUM_CONVERSION = YES;
				CLANG_WARN_INFINITE_RECURSION = YES;
				CLANG_WARN_INT_CONVERSION = YES;
				CLANG_WARN_NON_LITERAL_NULL_CONVERSION = YES;
				CLANG_WARN_OBJC_IMPLICIT_RETAIN_SELF = YES;
				CLANG_WARN_OBJC_LITERAL_CONVERSION = YES;
				CLANG_WARN_OBJC_ROOT_CLASS = YES_ERROR;
				CLANG_WARN_QUOTED_INCLUDE_IN_FRAMEWORK_HEADER = YES;
				CLANG_WARN_RANGE_LOOP_ANALYSIS = YES;
				CLANG_WARN_STRICT_PROTOTYPES = YES;
				CLANG_WARN_SUSPICIOUS_MOVE = YES;
				CLANG_WARN_UNGUARDED_AVAILABILITY = YES_AGGRESSIVE;
				CLANG_WARN_UNREACHABLE_CODE = YES;
				CLANG_WARN__DUPLICATE_METHOD_MATCH = YES;
				COPY_PHASE_STRIP = NO;
				DEBUG_INFORMATION_FORMAT = dwarf;
				ENABLE_STRICT_OBJC_MSGSEND = YES;
				ENABLE_TESTABILITY = YES;
				GCC_C_LANGUAGE_STANDARD = gnu11;
				GCC_DYNAMIC_NO_PIC = NO;
				GCC_NO_COMMON_BLOCKS = YES;
				GCC_OPTIMIZATION_LEVEL = 0;
				GCC_PREPROCESSOR_DEFINITIONS = (
					"DEBUG=1",
					"$(inherited)",
				);
				GCC_WARN_64_TO_32_BIT_CONVERSION = YES;
				GCC_WARN_ABOUT_RETURN_TYPE = YES_ERROR;
				GCC_WARN_UNDECLARED_SELECTOR = YES;
				GCC_WARN_UNINITIALIZED_AUTOS = YES_AGGRESSIVE;
				GCC_WARN_UNUSED_FUNCTION = YES;
				GCC_WARN_UNUSED_VARIABLE = YES;
				IPHONEOS_DEPLOYMENT_TARGET = 16.0;
				MTL_ENABLE_DEBUG_INFO = INCLUDE_SOURCE;
				MTL_FAST_MATH = YES;
				ONLY_ACTIVE_ARCH = YES;
				SDKROOT = iphoneos;
				SWIFT_ACTIVE_COMPILATION_CONDITIONS = DEBUG;
				SWIFT_OPTIMIZATION_LEVEL = "-Onone";
			};
			name = Debug;
		};
		B2D114AD291E85B9006D80D1 /* Release */ = {
			isa = XCBuildConfiguration;
			buildSettings = {
				ALWAYS_SEARCH_USER_PATHS = NO;
				CLANG_ANALYZER_NONNULL = YES;
				CLANG_ANALYZER_NUMBER_OBJECT_CONVERSION = YES_AGGRESSIVE;
				CLANG_CXX_LANGUAGE_STANDARD = "gnu++20";
				CLANG_ENABLE_MODULES = YES;
				CLANG_ENABLE_OBJC_ARC = YES;
				CLANG_ENABLE_OBJC_WEAK = YES;
				CLANG_WARN_BLOCK_CAPTURE_AUTORELEASING = YES;
				CLANG_WARN_BOOL_CONVERSION = YES;
				CLANG_WARN_COMMA = YES;
				CLANG_WARN_CONSTANT_CONVERSION = YES;
				CLANG_WARN_DEPRECATED_OBJC_IMPLEMENTATIONS = YES;
				CLANG_WARN_DIRECT_OBJC_ISA_USAGE = YES_ERROR;
				CLANG_WARN_DOCUMENTATION_COMMENTS = YES;
				CLANG_WARN_EMPTY_BODY = YES;
				CLANG_WARN_ENUM_CONVERSION = YES;
				CLANG_WARN_INFINITE_RECURSION = YES;
				CLANG_WARN_INT_CONVERSION = YES;
				CLANG_WARN_NON_LITERAL_NULL_CONVERSION = YES;
				CLANG_WARN_OBJC_IMPLICIT_RETAIN_SELF = YES;
				CLANG_WARN_OBJC_LITERAL_CONVERSION = YES;
				CLANG_WARN_OBJC_ROOT_CLASS = YES_ERROR;
				CLANG_WARN_QUOTED_INCLUDE_IN_FRAMEWORK_HEADER = YES;
				CLANG_WARN_RANGE_LOOP_ANALYSIS = YES;
				CLANG_WARN_STRICT_PROTOTYPES = YES;
				CLANG_WARN_SUSPICIOUS_MOVE = YES;
				CLANG_WARN_UNGUARDED_AVAILABILITY = YES_AGGRESSIVE;
				CLANG_WARN_UNREACHABLE_CODE = YES;
				CLANG_WARN__DUPLICATE_METHOD_MATCH = YES;
				COPY_PHASE_STRIP = NO;
				DEBUG_INFORMATION_FORMAT = "dwarf-with-dsym";
				ENABLE_NS_ASSERTIONS = NO;
				ENABLE_STRICT_OBJC_MSGSEND = YES;
				GCC_C_LANGUAGE_STANDARD = gnu11;
				GCC_NO_COMMON_BLOCKS = YES;
				GCC_WARN_64_TO_32_BIT_CONVERSION = YES;
				GCC_WARN_ABOUT_RETURN_TYPE = YES_ERROR;
				GCC_WARN_UNDECLARED_SELECTOR = YES;
				GCC_WARN_UNINITIALIZED_AUTOS = YES_AGGRESSIVE;
				GCC_WARN_UNUSED_FUNCTION = YES;
				GCC_WARN_UNUSED_VARIABLE = YES;
				IPHONEOS_DEPLOYMENT_TARGET = 16.0;
				MTL_ENABLE_DEBUG_INFO = NO;
				MTL_FAST_MATH = YES;
				SDKROOT = iphoneos;
				SWIFT_COMPILATION_MODE = wholemodule;
				SWIFT_OPTIMIZATION_LEVEL = "-O";
				VALIDATE_PRODUCT = YES;
			};
			name = Release;
		};
		B2D114AF291E85B9006D80D1 /* Debug */ = {
			isa = XCBuildConfiguration;
			buildSettings = {
				ASSETCATALOG_COMPILER_APPICON_NAME = AppIcon;
				ASSETCATALOG_COMPILER_GLOBAL_ACCENT_COLOR_NAME = AccentColor;
				CODE_SIGN_STYLE = Automatic;
				CURRENT_PROJECT_VERSION = 1;
				DEVELOPMENT_ASSET_PATHS = "\"TodoAppSwiftUI/Preview Content\"";
				DEVELOPMENT_TEAM = 9SVAG4W838;
				ENABLE_PREVIEWS = YES;
				GENERATE_INFOPLIST_FILE = YES;
				INFOPLIST_KEY_UIApplicationSceneManifest_Generation = YES;
				INFOPLIST_KEY_UIApplicationSupportsIndirectInputEvents = YES;
				INFOPLIST_KEY_UILaunchScreen_Generation = YES;
				INFOPLIST_KEY_UISupportedInterfaceOrientations_iPad = "UIInterfaceOrientationPortrait UIInterfaceOrientationPortraitUpsideDown UIInterfaceOrientationLandscapeLeft UIInterfaceOrientationLandscapeRight";
				INFOPLIST_KEY_UISupportedInterfaceOrientations_iPhone = "UIInterfaceOrientationPortrait UIInterfaceOrientationLandscapeLeft UIInterfaceOrientationLandscapeRight";
				LD_RUNPATH_SEARCH_PATHS = (
					"$(inherited)",
					"@executable_path/Frameworks",
				);
				MARKETING_VERSION = 1.0;
				PRODUCT_BUNDLE_IDENTIFIER = vlad.com.TodoAppSwiftUI;
				PRODUCT_NAME = "$(TARGET_NAME)";
				SWIFT_EMIT_LOC_STRINGS = YES;
				SWIFT_VERSION = 5.0;
				TARGETED_DEVICE_FAMILY = "1,2";
			};
			name = Debug;
		};
		B2D114B0291E85B9006D80D1 /* Release */ = {
			isa = XCBuildConfiguration;
			buildSettings = {
				ASSETCATALOG_COMPILER_APPICON_NAME = AppIcon;
				ASSETCATALOG_COMPILER_GLOBAL_ACCENT_COLOR_NAME = AccentColor;
				CODE_SIGN_STYLE = Automatic;
				CURRENT_PROJECT_VERSION = 1;
				DEVELOPMENT_ASSET_PATHS = "\"TodoAppSwiftUI/Preview Content\"";
				DEVELOPMENT_TEAM = 9SVAG4W838;
				ENABLE_PREVIEWS = YES;
				GENERATE_INFOPLIST_FILE = YES;
				INFOPLIST_KEY_UIApplicationSceneManifest_Generation = YES;
				INFOPLIST_KEY_UIApplicationSupportsIndirectInputEvents = YES;
				INFOPLIST_KEY_UILaunchScreen_Generation = YES;
				INFOPLIST_KEY_UISupportedInterfaceOrientations_iPad = "UIInterfaceOrientationPortrait UIInterfaceOrientationPortraitUpsideDown UIInterfaceOrientationLandscapeLeft UIInterfaceOrientationLandscapeRight";
				INFOPLIST_KEY_UISupportedInterfaceOrientations_iPhone = "UIInterfaceOrientationPortrait UIInterfaceOrientationLandscapeLeft UIInterfaceOrientationLandscapeRight";
				LD_RUNPATH_SEARCH_PATHS = (
					"$(inherited)",
					"@executable_path/Frameworks",
				);
				MARKETING_VERSION = 1.0;
				PRODUCT_BUNDLE_IDENTIFIER = vlad.com.TodoAppSwiftUI;
				PRODUCT_NAME = "$(TARGET_NAME)";
				SWIFT_EMIT_LOC_STRINGS = YES;
				SWIFT_VERSION = 5.0;
				TARGETED_DEVICE_FAMILY = "1,2";
			};
			name = Release;
		};
/* End XCBuildConfiguration section */

/* Begin XCConfigurationList section */
		B2D11496291E85B6006D80D1 /* Build configuration list for PBXProject "TodoAppSwiftUI" */ = {
			isa = XCConfigurationList;
			buildConfigurations = (
				B2D114AC291E85B9006D80D1 /* Debug */,
				B2D114AD291E85B9006D80D1 /* Release */,
			);
			defaultConfigurationIsVisible = 0;
			defaultConfigurationName = Release;
		};
		B2D114AE291E85B9006D80D1 /* Build configuration list for PBXNativeTarget "TodoAppSwiftUI" */ = {
			isa = XCConfigurationList;
			buildConfigurations = (
				B2D114AF291E85B9006D80D1 /* Debug */,
				B2D114B0291E85B9006D80D1 /* Release */,
			);
			defaultConfigurationIsVisible = 0;
			defaultConfigurationName = Release;
		};
/* End XCConfigurationList section */

/* Begin XCVersionGroup section */
		B2D114A9291E85B9006D80D1 /* TodoAppSwiftUI.xcdatamodeld */ = {
			isa = XCVersionGroup;
			children = (
				B2D114AA291E85B9006D80D1 /* TodoAppSwiftUI.xcdatamodel */,
			);
			currentVersion = B2D114AA291E85B9006D80D1 /* TodoAppSwiftUI.xcdatamodel */;
			path = TodoAppSwiftUI.xcdatamodeld;
			sourceTree = "<group>";
			versionGroupType = wrapper.xcdatamodel;
		};
/* End XCVersionGroup section */
	};
	rootObject = B2D11493291E85B6006D80D1 /* Project object */;
}
